// !$*UTF8*$!
{
	archiveVersion = 1;
	classes = {
	};
	objectVersion = 56;
	objects = {

/* Begin PBXBuildFile section */
		30E1C4D6E06BB220750A41B9 /* Pods_StorageService_StorageServiceTests.framework in Frameworks */ = {isa = PBXBuildFile; fileRef = AFDC41CFE42425461E331308 /* Pods_StorageService_StorageServiceTests.framework */; };
		BA2EEBF0A638434AC94F3D4C /* Pods_StorageService.framework in Frameworks */ = {isa = PBXBuildFile; fileRef = 944730CFD760A9744B168840 /* Pods_StorageService.framework */; };
		C905B4522A67C14F00A9D005 /* CustomButton.swift in Sources */ = {isa = PBXBuildFile; fileRef = C905B4512A67C14F00A9D005 /* CustomButton.swift */; };
		C905B4542A67E22900A9D005 /* FeedModel.swift in Sources */ = {isa = PBXBuildFile; fileRef = C905B4532A67E22900A9D005 /* FeedModel.swift */; };
		C905B4562A72BF5F00A9D005 /* FeedViewModel.swift in Sources */ = {isa = PBXBuildFile; fileRef = C905B4552A72BF5F00A9D005 /* FeedViewModel.swift */; };
		C905B4592A7A93FE00A9D005 /* MainCoordinator.swift in Sources */ = {isa = PBXBuildFile; fileRef = C905B4582A7A93FE00A9D005 /* MainCoordinator.swift */; };
		C905B45C2A7A949D00A9D005 /* MainTabBarController.swift in Sources */ = {isa = PBXBuildFile; fileRef = C905B45B2A7A949D00A9D005 /* MainTabBarController.swift */; };
		C905B4602A7A956000A9D005 /* Factory.swift in Sources */ = {isa = PBXBuildFile; fileRef = C905B45F2A7A956000A9D005 /* Factory.swift */; };
		C905B4652A7A999100A9D005 /* FeedFlowCoordinator.swift in Sources */ = {isa = PBXBuildFile; fileRef = C905B4642A7A999100A9D005 /* FeedFlowCoordinator.swift */; };
		C905B4672A7AA61200A9D005 /* ProfileFlowCoordinator.swift in Sources */ = {isa = PBXBuildFile; fileRef = C905B4662A7AA61200A9D005 /* ProfileFlowCoordinator.swift */; };
		C905B4692A83D68300A9D005 /* Brut.swift in Sources */ = {isa = PBXBuildFile; fileRef = C905B4682A83D68300A9D005 /* Brut.swift */; };
		C905B46B2A94BFD100A9D005 /* AppError.swift in Sources */ = {isa = PBXBuildFile; fileRef = C905B46A2A94BFD100A9D005 /* AppError.swift */; };
		C905B46E2AA4BA4C00A9D005 /* NetworkService.swift in Sources */ = {isa = PBXBuildFile; fileRef = C905B46D2AA4BA4C00A9D005 /* NetworkService.swift */; };
		C905B4702AA4BABE00A9D005 /* AppConfiguration.swift in Sources */ = {isa = PBXBuildFile; fileRef = C905B46F2AA4BABE00A9D005 /* AppConfiguration.swift */; };
		C905B4722AA7863600A9D005 /* TodoModel.swift in Sources */ = {isa = PBXBuildFile; fileRef = C905B4712AA7863600A9D005 /* TodoModel.swift */; };
		C905B4742AA9A86E00A9D005 /* PlanetModel.swift in Sources */ = {isa = PBXBuildFile; fileRef = C905B4732AA9A86E00A9D005 /* PlanetModel.swift */; };
		C910D2402AEAE197003F0294 /* LikedPostsViewController.swift in Sources */ = {isa = PBXBuildFile; fileRef = C910D23F2AEAE197003F0294 /* LikedPostsViewController.swift */; };
		C910D2422AEAE307003F0294 /* LikedpostViewCell.swift in Sources */ = {isa = PBXBuildFile; fileRef = C910D2412AEAE307003F0294 /* LikedpostViewCell.swift */; };
		C910D2442AEAE34A003F0294 /* LikedModel.swift in Sources */ = {isa = PBXBuildFile; fileRef = C910D2432AEAE34A003F0294 /* LikedModel.swift */; };
		C910D24A2AEAE423003F0294 /* LikedModelData.xcdatamodeld in Sources */ = {isa = PBXBuildFile; fileRef = C910D2482AEAE423003F0294 /* LikedModelData.xcdatamodeld */; };
		C910D24C2AEE796A003F0294 /* CoreDataService.swift in Sources */ = {isa = PBXBuildFile; fileRef = C910D24B2AEE796A003F0294 /* CoreDataService.swift */; };
		C925D91A2ABC7D4700CBCFC6 /* GoogleService-Info.plist in Resources */ = {isa = PBXBuildFile; fileRef = C925D9192ABC7D4700CBCFC6 /* GoogleService-Info.plist */; };
		C935FCD02ABED3F4003F04B1 /* CheckServise.swift in Sources */ = {isa = PBXBuildFile; fileRef = C935FCCF2ABED3F4003F04B1 /* CheckServise.swift */; };
		C9417EF42A17E67C007D2343 /* PhotosTableViewCell.swift in Sources */ = {isa = PBXBuildFile; fileRef = C9417EF32A17E67C007D2343 /* PhotosTableViewCell.swift */; };
		C9417EF62A1805F8007D2343 /* Photo.swift in Sources */ = {isa = PBXBuildFile; fileRef = C9417EF52A1805F8007D2343 /* Photo.swift */; };
		C9417EF82A195690007D2343 /* PhotosViewController.swift in Sources */ = {isa = PBXBuildFile; fileRef = C9417EF72A195690007D2343 /* PhotosViewController.swift */; };
		C9417EFA2A1956D7007D2343 /* PhotosCollectionViewCell.swift in Sources */ = {isa = PBXBuildFile; fileRef = C9417EF92A1956D7007D2343 /* PhotosCollectionViewCell.swift */; };
		C9417EFC2A195BDA007D2343 /* Reusable.swift in Sources */ = {isa = PBXBuildFile; fileRef = C9417EFB2A195BDA007D2343 /* Reusable.swift */; };
		C97506CC2A31D56000A37A48 /* User.swift in Sources */ = {isa = PBXBuildFile; fileRef = C97506CB2A31D56000A37A48 /* User.swift */; };
		C97506CE2A3C93E700A37A48 /* Checker.swift in Sources */ = {isa = PBXBuildFile; fileRef = C97506CD2A3C93E700A37A48 /* Checker.swift */; };
		C97506D12A4860AF00A37A48 /* iOSIntPackage in Frameworks */ = {isa = PBXBuildFile; productRef = C97506D02A4860AF00A37A48 /* iOSIntPackage */; };
		C9C495CA2AFD43550090EFE8 /* GeolocationViewController.swift in Sources */ = {isa = PBXBuildFile; fileRef = C9C495C92AFD43550090EFE8 /* GeolocationViewController.swift */; };
		C9CBF7982A26633000E54C41 /* StorageService.docc in Sources */ = {isa = PBXBuildFile; fileRef = C9CBF7972A26633000E54C41 /* StorageService.docc */; };
		C9CBF79E2A26633000E54C41 /* StorageService.framework in Frameworks */ = {isa = PBXBuildFile; fileRef = C9CBF7942A26633000E54C41 /* StorageService.framework */; };
		C9CBF7A52A26633000E54C41 /* StorageServiceTests.swift in Sources */ = {isa = PBXBuildFile; fileRef = C9CBF7A42A26633000E54C41 /* StorageServiceTests.swift */; };
		C9CBF7A62A26633000E54C41 /* StorageService.h in Headers */ = {isa = PBXBuildFile; fileRef = C9CBF7962A26633000E54C41 /* StorageService.h */; settings = {ATTRIBUTES = (Public, ); }; };
		C9CBF7A92A26633000E54C41 /* StorageService.framework in Frameworks */ = {isa = PBXBuildFile; fileRef = C9CBF7942A26633000E54C41 /* StorageService.framework */; };
		C9CBF7AA2A26633000E54C41 /* StorageService.framework in Embed Frameworks */ = {isa = PBXBuildFile; fileRef = C9CBF7942A26633000E54C41 /* StorageService.framework */; settings = {ATTRIBUTES = (CodeSignOnCopy, RemoveHeadersOnCopy, ); }; };
		C9CBF7B22A26635300E54C41 /* Post.swift in Sources */ = {isa = PBXBuildFile; fileRef = C9CD26B82A0AB6B200AF811D /* Post.swift */; };
		C9CD266629E319E800AF811D /* AppDelegate.swift in Sources */ = {isa = PBXBuildFile; fileRef = C9CD266529E319E800AF811D /* AppDelegate.swift */; };
		C9CD266829E319E800AF811D /* SceneDelegate.swift in Sources */ = {isa = PBXBuildFile; fileRef = C9CD266729E319E800AF811D /* SceneDelegate.swift */; };
		C9CD266A29E319E800AF811D /* ViewController.swift in Sources */ = {isa = PBXBuildFile; fileRef = C9CD266929E319E800AF811D /* ViewController.swift */; };
		C9CD266F29E319EA00AF811D /* Assets.xcassets in Resources */ = {isa = PBXBuildFile; fileRef = C9CD266E29E319EA00AF811D /* Assets.xcassets */; };
		C9CD267229E319EA00AF811D /* LaunchScreen.storyboard in Resources */ = {isa = PBXBuildFile; fileRef = C9CD267029E319EA00AF811D /* LaunchScreen.storyboard */; };
		C9CD267C29E3284900AF811D /* FeedViewController.swift in Sources */ = {isa = PBXBuildFile; fileRef = C9CD267B29E3284900AF811D /* FeedViewController.swift */; };
		C9CD268029E329F500AF811D /* PostViewController.swift in Sources */ = {isa = PBXBuildFile; fileRef = C9CD267F29E329F500AF811D /* PostViewController.swift */; };
		C9CD268229E3324A00AF811D /* PostFile.swift in Sources */ = {isa = PBXBuildFile; fileRef = C9CD268129E3324A00AF811D /* PostFile.swift */; };
		C9CD268429E337CB00AF811D /* InfoViewController.swift in Sources */ = {isa = PBXBuildFile; fileRef = C9CD268329E337CB00AF811D /* InfoViewController.swift */; };
		C9CD26A929ED9B3900AF811D /* ProfileHeaderView.swift in Sources */ = {isa = PBXBuildFile; fileRef = C9CD26A829ED9B3900AF811D /* ProfileHeaderView.swift */; };
		C9CD26AB29ED9B8400AF811D /* ProfileViewController.swift in Sources */ = {isa = PBXBuildFile; fileRef = C9CD26AA29ED9B8300AF811D /* ProfileViewController.swift */; };
		C9CD26B52A0A8EF800AF811D /* LogInViewController.swift in Sources */ = {isa = PBXBuildFile; fileRef = C9CD26B42A0A8EF800AF811D /* LogInViewController.swift */; };
		C9CD26BB2A0ABAD400AF811D /* PostTableViewCell.swift in Sources */ = {isa = PBXBuildFile; fileRef = C9CD26BA2A0ABAD400AF811D /* PostTableViewCell.swift */; };
		C9CD26BF2A0AC09D00AF811D /* PostModelViewController.swift in Sources */ = {isa = PBXBuildFile; fileRef = C9CD26BE2A0AC09D00AF811D /* PostModelViewController.swift */; };
		C9CD26C12A0D4E5200AF811D /* ProfileTableHeaderView.swift in Sources */ = {isa = PBXBuildFile; fileRef = C9CD26C02A0D4E5200AF811D /* ProfileTableHeaderView.swift */; };
		C9FA71B72B0508F5007B801D /* ExtensionString.swift in Sources */ = {isa = PBXBuildFile; fileRef = C9FA71B62B0508F5007B801D /* ExtensionString.swift */; };
		C9FA71BA2B050A24007B801D /* Localizable.strings in Resources */ = {isa = PBXBuildFile; fileRef = C9FA71BC2B050A24007B801D /* Localizable.strings */; };
		C9FA71BF2B08C61F007B801D /* Themes.swift in Sources */ = {isa = PBXBuildFile; fileRef = C9FA71BE2B08C61F007B801D /* Themes.swift */; };
		C9FA71C72B10A7BF007B801D /* NavigationTests.swift in Sources */ = {isa = PBXBuildFile; fileRef = C9FA71C62B10A7BF007B801D /* NavigationTests.swift */; };
		C9FA71CE2B10A896007B801D /* FeedViewModelTests.swift in Sources */ = {isa = PBXBuildFile; fileRef = C9FA71CD2B10A896007B801D /* FeedViewModelTests.swift */; };
		C9FA71D02B10AA47007B801D /* FeedModelMock.swift in Sources */ = {isa = PBXBuildFile; fileRef = C9FA71CF2B10AA47007B801D /* FeedModelMock.swift */; };
		C9FA71D22B166E6C007B801D /* LocalNotificationsService.swift in Sources */ = {isa = PBXBuildFile; fileRef = C9FA71D12B166E6B007B801D /* LocalNotificationsService.swift */; };
		D79766EE68AF340B907A8FE6 /* Pods_Navigation.framework in Frameworks */ = {isa = PBXBuildFile; fileRef = 3A415988639FFFCFD9A24A2A /* Pods_Navigation.framework */; };
/* End PBXBuildFile section */

/* Begin PBXContainerItemProxy section */
		C9CBF79F2A26633000E54C41 /* PBXContainerItemProxy */ = {
			isa = PBXContainerItemProxy;
			containerPortal = C9CD265A29E319E800AF811D /* Project object */;
			proxyType = 1;
			remoteGlobalIDString = C9CBF7932A26633000E54C41;
			remoteInfo = StorageService;
		};
		C9CBF7A12A26633000E54C41 /* PBXContainerItemProxy */ = {
			isa = PBXContainerItemProxy;
			containerPortal = C9CD265A29E319E800AF811D /* Project object */;
			proxyType = 1;
			remoteGlobalIDString = C9CD266129E319E800AF811D;
			remoteInfo = Navigation;
		};
		C9CBF7A72A26633000E54C41 /* PBXContainerItemProxy */ = {
			isa = PBXContainerItemProxy;
			containerPortal = C9CD265A29E319E800AF811D /* Project object */;
			proxyType = 1;
			remoteGlobalIDString = C9CBF7932A26633000E54C41;
			remoteInfo = StorageService;
		};
		C9FA71C82B10A7BF007B801D /* PBXContainerItemProxy */ = {
			isa = PBXContainerItemProxy;
			containerPortal = C9CD265A29E319E800AF811D /* Project object */;
			proxyType = 1;
			remoteGlobalIDString = C9CD266129E319E800AF811D;
			remoteInfo = Navigation;
		};
/* End PBXContainerItemProxy section */

/* Begin PBXCopyFilesBuildPhase section */
		C9CBF7AB2A26633000E54C41 /* Embed Frameworks */ = {
			isa = PBXCopyFilesBuildPhase;
			buildActionMask = 2147483647;
			dstPath = "";
			dstSubfolderSpec = 10;
			files = (
				C9CBF7AA2A26633000E54C41 /* StorageService.framework in Embed Frameworks */,
			);
			name = "Embed Frameworks";
			runOnlyForDeploymentPostprocessing = 0;
		};
/* End PBXCopyFilesBuildPhase section */

/* Begin PBXFileReference section */
		066147480B6B270BAA23ECFF /* Pods-Navigation.release.xcconfig */ = {isa = PBXFileReference; includeInIndex = 1; lastKnownFileType = text.xcconfig; name = "Pods-Navigation.release.xcconfig"; path = "Target Support Files/Pods-Navigation/Pods-Navigation.release.xcconfig"; sourceTree = "<group>"; };
		09A267B4F9B4D63A9AEA3D85 /* Pods-StorageService.debug.xcconfig */ = {isa = PBXFileReference; includeInIndex = 1; lastKnownFileType = text.xcconfig; name = "Pods-StorageService.debug.xcconfig"; path = "Target Support Files/Pods-StorageService/Pods-StorageService.debug.xcconfig"; sourceTree = "<group>"; };
		3A415988639FFFCFD9A24A2A /* Pods_Navigation.framework */ = {isa = PBXFileReference; explicitFileType = wrapper.framework; includeInIndex = 0; path = Pods_Navigation.framework; sourceTree = BUILT_PRODUCTS_DIR; };
		5BDBDF9220ADABC005AB32D2 /* Pods-Navigation.debug.xcconfig */ = {isa = PBXFileReference; includeInIndex = 1; lastKnownFileType = text.xcconfig; name = "Pods-Navigation.debug.xcconfig"; path = "Target Support Files/Pods-Navigation/Pods-Navigation.debug.xcconfig"; sourceTree = "<group>"; };
		5EF79FCA5D6546582DC28CBE /* Pods-StorageService-StorageServiceTests.debug.xcconfig */ = {isa = PBXFileReference; includeInIndex = 1; lastKnownFileType = text.xcconfig; name = "Pods-StorageService-StorageServiceTests.debug.xcconfig"; path = "Target Support Files/Pods-StorageService-StorageServiceTests/Pods-StorageService-StorageServiceTests.debug.xcconfig"; sourceTree = "<group>"; };
		8EB3AE5051441D48CF3A7736 /* Pods-StorageService.release.xcconfig */ = {isa = PBXFileReference; includeInIndex = 1; lastKnownFileType = text.xcconfig; name = "Pods-StorageService.release.xcconfig"; path = "Target Support Files/Pods-StorageService/Pods-StorageService.release.xcconfig"; sourceTree = "<group>"; };
		944730CFD760A9744B168840 /* Pods_StorageService.framework */ = {isa = PBXFileReference; explicitFileType = wrapper.framework; includeInIndex = 0; path = Pods_StorageService.framework; sourceTree = BUILT_PRODUCTS_DIR; };
		AFDC41CFE42425461E331308 /* Pods_StorageService_StorageServiceTests.framework */ = {isa = PBXFileReference; explicitFileType = wrapper.framework; includeInIndex = 0; path = Pods_StorageService_StorageServiceTests.framework; sourceTree = BUILT_PRODUCTS_DIR; };
		C905B4512A67C14F00A9D005 /* CustomButton.swift */ = {isa = PBXFileReference; lastKnownFileType = sourcecode.swift; path = CustomButton.swift; sourceTree = "<group>"; };
		C905B4532A67E22900A9D005 /* FeedModel.swift */ = {isa = PBXFileReference; lastKnownFileType = sourcecode.swift; path = FeedModel.swift; sourceTree = "<group>"; };
		C905B4552A72BF5F00A9D005 /* FeedViewModel.swift */ = {isa = PBXFileReference; lastKnownFileType = sourcecode.swift; path = FeedViewModel.swift; sourceTree = "<group>"; };
		C905B4582A7A93FE00A9D005 /* MainCoordinator.swift */ = {isa = PBXFileReference; lastKnownFileType = sourcecode.swift; path = MainCoordinator.swift; sourceTree = "<group>"; };
		C905B45B2A7A949D00A9D005 /* MainTabBarController.swift */ = {isa = PBXFileReference; lastKnownFileType = sourcecode.swift; path = MainTabBarController.swift; sourceTree = "<group>"; };
		C905B45F2A7A956000A9D005 /* Factory.swift */ = {isa = PBXFileReference; lastKnownFileType = sourcecode.swift; path = Factory.swift; sourceTree = "<group>"; };
		C905B4642A7A999100A9D005 /* FeedFlowCoordinator.swift */ = {isa = PBXFileReference; lastKnownFileType = sourcecode.swift; path = FeedFlowCoordinator.swift; sourceTree = "<group>"; };
		C905B4662A7AA61200A9D005 /* ProfileFlowCoordinator.swift */ = {isa = PBXFileReference; lastKnownFileType = sourcecode.swift; path = ProfileFlowCoordinator.swift; sourceTree = "<group>"; };
		C905B4682A83D68300A9D005 /* Brut.swift */ = {isa = PBXFileReference; lastKnownFileType = sourcecode.swift; path = Brut.swift; sourceTree = "<group>"; };
		C905B46A2A94BFD100A9D005 /* AppError.swift */ = {isa = PBXFileReference; lastKnownFileType = sourcecode.swift; path = AppError.swift; sourceTree = "<group>"; };
		C905B46D2AA4BA4C00A9D005 /* NetworkService.swift */ = {isa = PBXFileReference; lastKnownFileType = sourcecode.swift; path = NetworkService.swift; sourceTree = "<group>"; };
		C905B46F2AA4BABE00A9D005 /* AppConfiguration.swift */ = {isa = PBXFileReference; lastKnownFileType = sourcecode.swift; path = AppConfiguration.swift; sourceTree = "<group>"; };
		C905B4712AA7863600A9D005 /* TodoModel.swift */ = {isa = PBXFileReference; lastKnownFileType = sourcecode.swift; path = TodoModel.swift; sourceTree = "<group>"; };
		C905B4732AA9A86E00A9D005 /* PlanetModel.swift */ = {isa = PBXFileReference; lastKnownFileType = sourcecode.swift; path = PlanetModel.swift; sourceTree = "<group>"; };
		C910D23F2AEAE197003F0294 /* LikedPostsViewController.swift */ = {isa = PBXFileReference; lastKnownFileType = sourcecode.swift; path = LikedPostsViewController.swift; sourceTree = "<group>"; };
		C910D2412AEAE307003F0294 /* LikedpostViewCell.swift */ = {isa = PBXFileReference; lastKnownFileType = sourcecode.swift; path = LikedpostViewCell.swift; sourceTree = "<group>"; };
		C910D2432AEAE34A003F0294 /* LikedModel.swift */ = {isa = PBXFileReference; lastKnownFileType = sourcecode.swift; path = LikedModel.swift; sourceTree = "<group>"; };
		C910D2492AEAE423003F0294 /* NavigationModel.xcdatamodel */ = {isa = PBXFileReference; lastKnownFileType = wrapper.xcdatamodel; path = NavigationModel.xcdatamodel; sourceTree = "<group>"; };
		C910D24B2AEE796A003F0294 /* CoreDataService.swift */ = {isa = PBXFileReference; lastKnownFileType = sourcecode.swift; path = CoreDataService.swift; sourceTree = "<group>"; };
		C925D9192ABC7D4700CBCFC6 /* GoogleService-Info.plist */ = {isa = PBXFileReference; fileEncoding = 4; lastKnownFileType = text.plist.xml; path = "GoogleService-Info.plist"; sourceTree = "<group>"; };
		C935FCCF2ABED3F4003F04B1 /* CheckServise.swift */ = {isa = PBXFileReference; lastKnownFileType = sourcecode.swift; path = CheckServise.swift; sourceTree = "<group>"; };
		C9417EF32A17E67C007D2343 /* PhotosTableViewCell.swift */ = {isa = PBXFileReference; lastKnownFileType = sourcecode.swift; path = PhotosTableViewCell.swift; sourceTree = "<group>"; };
		C9417EF52A1805F8007D2343 /* Photo.swift */ = {isa = PBXFileReference; lastKnownFileType = sourcecode.swift; path = Photo.swift; sourceTree = "<group>"; };
		C9417EF72A195690007D2343 /* PhotosViewController.swift */ = {isa = PBXFileReference; lastKnownFileType = sourcecode.swift; path = PhotosViewController.swift; sourceTree = "<group>"; };
		C9417EF92A1956D7007D2343 /* PhotosCollectionViewCell.swift */ = {isa = PBXFileReference; lastKnownFileType = sourcecode.swift; path = PhotosCollectionViewCell.swift; sourceTree = "<group>"; };
		C9417EFB2A195BDA007D2343 /* Reusable.swift */ = {isa = PBXFileReference; lastKnownFileType = sourcecode.swift; path = Reusable.swift; sourceTree = "<group>"; };
		C97506CB2A31D56000A37A48 /* User.swift */ = {isa = PBXFileReference; lastKnownFileType = sourcecode.swift; path = User.swift; sourceTree = "<group>"; };
		C97506CD2A3C93E700A37A48 /* Checker.swift */ = {isa = PBXFileReference; lastKnownFileType = sourcecode.swift; path = Checker.swift; sourceTree = "<group>"; };
		C9C495C92AFD43550090EFE8 /* GeolocationViewController.swift */ = {isa = PBXFileReference; lastKnownFileType = sourcecode.swift; path = GeolocationViewController.swift; sourceTree = "<group>"; };
		C9CBF7942A26633000E54C41 /* StorageService.framework */ = {isa = PBXFileReference; explicitFileType = wrapper.framework; includeInIndex = 0; path = StorageService.framework; sourceTree = BUILT_PRODUCTS_DIR; };
		C9CBF7962A26633000E54C41 /* StorageService.h */ = {isa = PBXFileReference; lastKnownFileType = sourcecode.c.h; path = StorageService.h; sourceTree = "<group>"; };
		C9CBF7972A26633000E54C41 /* StorageService.docc */ = {isa = PBXFileReference; lastKnownFileType = folder.documentationcatalog; path = StorageService.docc; sourceTree = "<group>"; };
		C9CBF79D2A26633000E54C41 /* StorageServiceTests.xctest */ = {isa = PBXFileReference; explicitFileType = wrapper.cfbundle; includeInIndex = 0; path = StorageServiceTests.xctest; sourceTree = BUILT_PRODUCTS_DIR; };
		C9CBF7A42A26633000E54C41 /* StorageServiceTests.swift */ = {isa = PBXFileReference; lastKnownFileType = sourcecode.swift; path = StorageServiceTests.swift; sourceTree = "<group>"; };
		C9CD266229E319E800AF811D /* Navigation.app */ = {isa = PBXFileReference; explicitFileType = wrapper.application; includeInIndex = 0; path = Navigation.app; sourceTree = BUILT_PRODUCTS_DIR; };
		C9CD266529E319E800AF811D /* AppDelegate.swift */ = {isa = PBXFileReference; lastKnownFileType = sourcecode.swift; path = AppDelegate.swift; sourceTree = "<group>"; };
		C9CD266729E319E800AF811D /* SceneDelegate.swift */ = {isa = PBXFileReference; lastKnownFileType = sourcecode.swift; path = SceneDelegate.swift; sourceTree = "<group>"; };
		C9CD266929E319E800AF811D /* ViewController.swift */ = {isa = PBXFileReference; lastKnownFileType = sourcecode.swift; path = ViewController.swift; sourceTree = "<group>"; };
		C9CD266E29E319EA00AF811D /* Assets.xcassets */ = {isa = PBXFileReference; lastKnownFileType = folder.assetcatalog; path = Assets.xcassets; sourceTree = "<group>"; };
		C9CD267129E319EA00AF811D /* Base */ = {isa = PBXFileReference; lastKnownFileType = file.storyboard; name = Base; path = Base.lproj/LaunchScreen.storyboard; sourceTree = "<group>"; };
		C9CD267329E319EA00AF811D /* Info.plist */ = {isa = PBXFileReference; lastKnownFileType = text.plist.xml; path = Info.plist; sourceTree = "<group>"; };
		C9CD267B29E3284900AF811D /* FeedViewController.swift */ = {isa = PBXFileReference; lastKnownFileType = sourcecode.swift; path = FeedViewController.swift; sourceTree = "<group>"; };
		C9CD267F29E329F500AF811D /* PostViewController.swift */ = {isa = PBXFileReference; lastKnownFileType = sourcecode.swift; path = PostViewController.swift; sourceTree = "<group>"; };
		C9CD268129E3324A00AF811D /* PostFile.swift */ = {isa = PBXFileReference; lastKnownFileType = sourcecode.swift; path = PostFile.swift; sourceTree = "<group>"; };
		C9CD268329E337CB00AF811D /* InfoViewController.swift */ = {isa = PBXFileReference; lastKnownFileType = sourcecode.swift; path = InfoViewController.swift; sourceTree = "<group>"; };
		C9CD26A829ED9B3900AF811D /* ProfileHeaderView.swift */ = {isa = PBXFileReference; lastKnownFileType = sourcecode.swift; path = ProfileHeaderView.swift; sourceTree = "<group>"; };
		C9CD26AA29ED9B8300AF811D /* ProfileViewController.swift */ = {isa = PBXFileReference; lastKnownFileType = sourcecode.swift; path = ProfileViewController.swift; sourceTree = "<group>"; };
		C9CD26B42A0A8EF800AF811D /* LogInViewController.swift */ = {isa = PBXFileReference; lastKnownFileType = sourcecode.swift; path = LogInViewController.swift; sourceTree = "<group>"; };
		C9CD26B82A0AB6B200AF811D /* Post.swift */ = {isa = PBXFileReference; lastKnownFileType = sourcecode.swift; path = Post.swift; sourceTree = "<group>"; };
		C9CD26BA2A0ABAD400AF811D /* PostTableViewCell.swift */ = {isa = PBXFileReference; lastKnownFileType = sourcecode.swift; path = PostTableViewCell.swift; sourceTree = "<group>"; };
		C9CD26BE2A0AC09D00AF811D /* PostModelViewController.swift */ = {isa = PBXFileReference; lastKnownFileType = sourcecode.swift; path = PostModelViewController.swift; sourceTree = "<group>"; };
		C9CD26C02A0D4E5200AF811D /* ProfileTableHeaderView.swift */ = {isa = PBXFileReference; lastKnownFileType = sourcecode.swift; path = ProfileTableHeaderView.swift; sourceTree = "<group>"; };
		C9FA71B62B0508F5007B801D /* ExtensionString.swift */ = {isa = PBXFileReference; lastKnownFileType = sourcecode.swift; path = ExtensionString.swift; sourceTree = "<group>"; };
		C9FA71BB2B050A24007B801D /* en */ = {isa = PBXFileReference; lastKnownFileType = text.plist.strings; name = en; path = en.lproj/Localizable.strings; sourceTree = "<group>"; };
		C9FA71BD2B050A3D007B801D /* ru */ = {isa = PBXFileReference; lastKnownFileType = text.plist.strings; name = ru; path = ru.lproj/Localizable.strings; sourceTree = "<group>"; };
		C9FA71BE2B08C61F007B801D /* Themes.swift */ = {isa = PBXFileReference; lastKnownFileType = sourcecode.swift; path = Themes.swift; sourceTree = "<group>"; };
		C9FA71C42B10A7BF007B801D /* NavigationTests.xctest */ = {isa = PBXFileReference; explicitFileType = wrapper.cfbundle; includeInIndex = 0; path = NavigationTests.xctest; sourceTree = BUILT_PRODUCTS_DIR; };
		C9FA71C62B10A7BF007B801D /* NavigationTests.swift */ = {isa = PBXFileReference; lastKnownFileType = sourcecode.swift; path = NavigationTests.swift; sourceTree = "<group>"; };
		C9FA71CD2B10A896007B801D /* FeedViewModelTests.swift */ = {isa = PBXFileReference; lastKnownFileType = sourcecode.swift; path = FeedViewModelTests.swift; sourceTree = "<group>"; };
		C9FA71CF2B10AA47007B801D /* FeedModelMock.swift */ = {isa = PBXFileReference; lastKnownFileType = sourcecode.swift; path = FeedModelMock.swift; sourceTree = "<group>"; };
		C9FA71D12B166E6B007B801D /* LocalNotificationsService.swift */ = {isa = PBXFileReference; lastKnownFileType = sourcecode.swift; path = LocalNotificationsService.swift; sourceTree = "<group>"; };
		D52865C65FA149764346124A /* Pods-StorageService-StorageServiceTests.release.xcconfig */ = {isa = PBXFileReference; includeInIndex = 1; lastKnownFileType = text.xcconfig; name = "Pods-StorageService-StorageServiceTests.release.xcconfig"; path = "Target Support Files/Pods-StorageService-StorageServiceTests/Pods-StorageService-StorageServiceTests.release.xcconfig"; sourceTree = "<group>"; };
/* End PBXFileReference section */

/* Begin PBXFrameworksBuildPhase section */
		C9CBF7912A26633000E54C41 /* Frameworks */ = {
			isa = PBXFrameworksBuildPhase;
			buildActionMask = 2147483647;
			files = (
				BA2EEBF0A638434AC94F3D4C /* Pods_StorageService.framework in Frameworks */,
			);
			runOnlyForDeploymentPostprocessing = 0;
		};
		C9CBF79A2A26633000E54C41 /* Frameworks */ = {
			isa = PBXFrameworksBuildPhase;
			buildActionMask = 2147483647;
			files = (
				C9CBF79E2A26633000E54C41 /* StorageService.framework in Frameworks */,
				30E1C4D6E06BB220750A41B9 /* Pods_StorageService_StorageServiceTests.framework in Frameworks */,
			);
			runOnlyForDeploymentPostprocessing = 0;
		};
		C9CD265F29E319E800AF811D /* Frameworks */ = {
			isa = PBXFrameworksBuildPhase;
			buildActionMask = 2147483647;
			files = (
				C9CBF7A92A26633000E54C41 /* StorageService.framework in Frameworks */,
				C97506D12A4860AF00A37A48 /* iOSIntPackage in Frameworks */,
				D79766EE68AF340B907A8FE6 /* Pods_Navigation.framework in Frameworks */,
			);
			runOnlyForDeploymentPostprocessing = 0;
		};
		C9FA71C12B10A7BF007B801D /* Frameworks */ = {
			isa = PBXFrameworksBuildPhase;
			buildActionMask = 2147483647;
			files = (
			);
			runOnlyForDeploymentPostprocessing = 0;
		};
/* End PBXFrameworksBuildPhase section */

/* Begin PBXGroup section */
		6839B3DAAB77A2B77B71495E /* Pods */ = {
			isa = PBXGroup;
			children = (
				5BDBDF9220ADABC005AB32D2 /* Pods-Navigation.debug.xcconfig */,
				066147480B6B270BAA23ECFF /* Pods-Navigation.release.xcconfig */,
				09A267B4F9B4D63A9AEA3D85 /* Pods-StorageService.debug.xcconfig */,
				8EB3AE5051441D48CF3A7736 /* Pods-StorageService.release.xcconfig */,
				5EF79FCA5D6546582DC28CBE /* Pods-StorageService-StorageServiceTests.debug.xcconfig */,
				D52865C65FA149764346124A /* Pods-StorageService-StorageServiceTests.release.xcconfig */,
			);
			path = Pods;
			sourceTree = "<group>";
		};
		C1245C37E730358C51508191 /* Frameworks */ = {
			isa = PBXGroup;
			children = (
				3A415988639FFFCFD9A24A2A /* Pods_Navigation.framework */,
				944730CFD760A9744B168840 /* Pods_StorageService.framework */,
				AFDC41CFE42425461E331308 /* Pods_StorageService_StorageServiceTests.framework */,
			);
			name = Frameworks;
			sourceTree = "<group>";
		};
		C905B4572A7A93E600A9D005 /* MainCoordinatior */ = {
			isa = PBXGroup;
			children = (
				C905B4582A7A93FE00A9D005 /* MainCoordinator.swift */,
			);
			path = MainCoordinatior;
			sourceTree = "<group>";
		};
		C905B45A2A7A947300A9D005 /* MainTapBar */ = {
			isa = PBXGroup;
			children = (
				C905B45B2A7A949D00A9D005 /* MainTabBarController.swift */,
			);
			path = MainTapBar;
			sourceTree = "<group>";
		};
		C905B45D2A7A954C00A9D005 /* Factory */ = {
			isa = PBXGroup;
			children = (
				C905B45F2A7A956000A9D005 /* Factory.swift */,
			);
			path = Factory;
			sourceTree = "<group>";
		};
		C905B4612A7A995A00A9D005 /* Coordinators */ = {
			isa = PBXGroup;
			children = (
				C905B4632A7A997E00A9D005 /* ProfileCoordinator */,
				C905B4622A7A997300A9D005 /* FeedCoordinator */,
				C905B45A2A7A947300A9D005 /* MainTapBar */,
				C905B4572A7A93E600A9D005 /* MainCoordinatior */,
			);
			path = Coordinators;
			sourceTree = "<group>";
		};
		C905B4622A7A997300A9D005 /* FeedCoordinator */ = {
			isa = PBXGroup;
			children = (
				C905B4642A7A999100A9D005 /* FeedFlowCoordinator.swift */,
			);
			path = FeedCoordinator;
			sourceTree = "<group>";
		};
		C905B4632A7A997E00A9D005 /* ProfileCoordinator */ = {
			isa = PBXGroup;
			children = (
				C905B4662A7AA61200A9D005 /* ProfileFlowCoordinator.swift */,
			);
			path = ProfileCoordinator;
			sourceTree = "<group>";
		};
		C905B46C2AA4BA3400A9D005 /* Network */ = {
			isa = PBXGroup;
			children = (
				C905B46D2AA4BA4C00A9D005 /* NetworkService.swift */,
				C905B46F2AA4BABE00A9D005 /* AppConfiguration.swift */,
				C905B4712AA7863600A9D005 /* TodoModel.swift */,
				C905B4732AA9A86E00A9D005 /* PlanetModel.swift */,
			);
			path = Network;
			sourceTree = "<group>";
		};
		C9CBF7952A26633000E54C41 /* StorageService */ = {
			isa = PBXGroup;
			children = (
				C9CBF7962A26633000E54C41 /* StorageService.h */,
				C9CBF7972A26633000E54C41 /* StorageService.docc */,
			);
			path = StorageService;
			sourceTree = "<group>";
		};
		C9CBF7A32A26633000E54C41 /* StorageServiceTests */ = {
			isa = PBXGroup;
			children = (
				C9CBF7A42A26633000E54C41 /* StorageServiceTests.swift */,
			);
			path = StorageServiceTests;
			sourceTree = "<group>";
		};
		C9CD265929E319E800AF811D = {
			isa = PBXGroup;
			children = (
				C9CD266429E319E800AF811D /* Navigation */,
				C9CBF7952A26633000E54C41 /* StorageService */,
				C9CBF7A32A26633000E54C41 /* StorageServiceTests */,
				C9FA71C52B10A7BF007B801D /* NavigationTests */,
				C9CD266329E319E800AF811D /* Products */,
				6839B3DAAB77A2B77B71495E /* Pods */,
				C1245C37E730358C51508191 /* Frameworks */,
			);
			sourceTree = "<group>";
		};
		C9CD266329E319E800AF811D /* Products */ = {
			isa = PBXGroup;
			children = (
				C9CD266229E319E800AF811D /* Navigation.app */,
				C9CBF7942A26633000E54C41 /* StorageService.framework */,
				C9CBF79D2A26633000E54C41 /* StorageServiceTests.xctest */,
				C9FA71C42B10A7BF007B801D /* NavigationTests.xctest */,
			);
			name = Products;
			sourceTree = "<group>";
		};
		C9CD266429E319E800AF811D /* Navigation */ = {
			isa = PBXGroup;
			children = (
				C925D9192ABC7D4700CBCFC6 /* GoogleService-Info.plist */,
				C905B46C2AA4BA3400A9D005 /* Network */,
				C905B4612A7A995A00A9D005 /* Coordinators */,
				C905B45D2A7A954C00A9D005 /* Factory */,
				C9CD26A529ED997D00AF811D /* Profile */,
				C9CD266529E319E800AF811D /* AppDelegate.swift */,
				C9CD266729E319E800AF811D /* SceneDelegate.swift */,
				C9CD266929E319E800AF811D /* ViewController.swift */,
				C9CD266E29E319EA00AF811D /* Assets.xcassets */,
				C9CD267029E319EA00AF811D /* LaunchScreen.storyboard */,
				C9CD267329E319EA00AF811D /* Info.plist */,
				C9CD267B29E3284900AF811D /* FeedViewController.swift */,
				C9CD267F29E329F500AF811D /* PostViewController.swift */,
				C9CD268129E3324A00AF811D /* PostFile.swift */,
				C9CD268329E337CB00AF811D /* InfoViewController.swift */,
				C905B4532A67E22900A9D005 /* FeedModel.swift */,
				C905B4552A72BF5F00A9D005 /* FeedViewModel.swift */,
				C905B4682A83D68300A9D005 /* Brut.swift */,
				C905B46A2A94BFD100A9D005 /* AppError.swift */,
				C910D23F2AEAE197003F0294 /* LikedPostsViewController.swift */,
				C910D2412AEAE307003F0294 /* LikedpostViewCell.swift */,
				C910D2432AEAE34A003F0294 /* LikedModel.swift */,
				C910D2482AEAE423003F0294 /* LikedModelData.xcdatamodeld */,
				C910D24B2AEE796A003F0294 /* CoreDataService.swift */,
				C9C495C92AFD43550090EFE8 /* GeolocationViewController.swift */,
				C9FA71B62B0508F5007B801D /* ExtensionString.swift */,
				C9FA71BC2B050A24007B801D /* Localizable.strings */,
				C9FA71BE2B08C61F007B801D /* Themes.swift */,
				C9FA71D12B166E6B007B801D /* LocalNotificationsService.swift */,
			);
			path = Navigation;
			sourceTree = "<group>";
		};
		C9CD26A529ED997D00AF811D /* Profile */ = {
			isa = PBXGroup;
			children = (
				C9CD26A829ED9B3900AF811D /* ProfileHeaderView.swift */,
				C9CD26AA29ED9B8300AF811D /* ProfileViewController.swift */,
				C9CD26B42A0A8EF800AF811D /* LogInViewController.swift */,
				C9CD26B82A0AB6B200AF811D /* Post.swift */,
				C9417EF52A1805F8007D2343 /* Photo.swift */,
				C9417EF72A195690007D2343 /* PhotosViewController.swift */,
				C9417EF92A1956D7007D2343 /* PhotosCollectionViewCell.swift */,
				C9417EFB2A195BDA007D2343 /* Reusable.swift */,
				C9CD26BA2A0ABAD400AF811D /* PostTableViewCell.swift */,
				C9417EF32A17E67C007D2343 /* PhotosTableViewCell.swift */,
				C9CD26BE2A0AC09D00AF811D /* PostModelViewController.swift */,
				C9CD26C02A0D4E5200AF811D /* ProfileTableHeaderView.swift */,
				C97506CB2A31D56000A37A48 /* User.swift */,
				C97506CD2A3C93E700A37A48 /* Checker.swift */,
				C905B4512A67C14F00A9D005 /* CustomButton.swift */,
				C935FCCF2ABED3F4003F04B1 /* CheckServise.swift */,
			);
			path = Profile;
			sourceTree = "<group>";
		};
		C9FA71C52B10A7BF007B801D /* NavigationTests */ = {
			isa = PBXGroup;
			children = (
				C9FA71C62B10A7BF007B801D /* NavigationTests.swift */,
				C9FA71CD2B10A896007B801D /* FeedViewModelTests.swift */,
				C9FA71CF2B10AA47007B801D /* FeedModelMock.swift */,
			);
			path = NavigationTests;
			sourceTree = "<group>";
		};
/* End PBXGroup section */

/* Begin PBXHeadersBuildPhase section */
		C9CBF78F2A26633000E54C41 /* Headers */ = {
			isa = PBXHeadersBuildPhase;
			buildActionMask = 2147483647;
			files = (
				C9CBF7A62A26633000E54C41 /* StorageService.h in Headers */,
			);
			runOnlyForDeploymentPostprocessing = 0;
		};
/* End PBXHeadersBuildPhase section */

/* Begin PBXNativeTarget section */
		C9CBF7932A26633000E54C41 /* StorageService */ = {
			isa = PBXNativeTarget;
			buildConfigurationList = C9CBF7B02A26633000E54C41 /* Build configuration list for PBXNativeTarget "StorageService" */;
			buildPhases = (
				90B6808D69548DD880D4172F /* [CP] Check Pods Manifest.lock */,
				C9CBF78F2A26633000E54C41 /* Headers */,
				C9CBF7902A26633000E54C41 /* Sources */,
				C9CBF7912A26633000E54C41 /* Frameworks */,
				C9CBF7922A26633000E54C41 /* Resources */,
			);
			buildRules = (
			);
			dependencies = (
			);
			name = StorageService;
			productName = StorageService;
			productReference = C9CBF7942A26633000E54C41 /* StorageService.framework */;
			productType = "com.apple.product-type.framework";
		};
		C9CBF79C2A26633000E54C41 /* StorageServiceTests */ = {
			isa = PBXNativeTarget;
			buildConfigurationList = C9CBF7B12A26633000E54C41 /* Build configuration list for PBXNativeTarget "StorageServiceTests" */;
			buildPhases = (
				635E2A431AE1A4881273862A /* [CP] Check Pods Manifest.lock */,
				C9CBF7992A26633000E54C41 /* Sources */,
				C9CBF79A2A26633000E54C41 /* Frameworks */,
				C9CBF79B2A26633000E54C41 /* Resources */,
			);
			buildRules = (
			);
			dependencies = (
				C9CBF7A02A26633000E54C41 /* PBXTargetDependency */,
				C9CBF7A22A26633000E54C41 /* PBXTargetDependency */,
			);
			name = StorageServiceTests;
			productName = StorageServiceTests;
			productReference = C9CBF79D2A26633000E54C41 /* StorageServiceTests.xctest */;
			productType = "com.apple.product-type.bundle.unit-test";
		};
		C9CD266129E319E800AF811D /* Navigation */ = {
			isa = PBXNativeTarget;
			buildConfigurationList = C9CD267629E319EA00AF811D /* Build configuration list for PBXNativeTarget "Navigation" */;
			buildPhases = (
				549376D76A2292B4977D19BC /* [CP] Check Pods Manifest.lock */,
				C9CD265E29E319E800AF811D /* Sources */,
				C9CD265F29E319E800AF811D /* Frameworks */,
				C9CD266029E319E800AF811D /* Resources */,
				C9CBF7AB2A26633000E54C41 /* Embed Frameworks */,
				93411841129C655F09B94172 /* [CP] Embed Pods Frameworks */,
			);
			buildRules = (
			);
			dependencies = (
				C9CBF7A82A26633000E54C41 /* PBXTargetDependency */,
			);
			name = Navigation;
			packageProductDependencies = (
				C97506D02A4860AF00A37A48 /* iOSIntPackage */,
			);
			productName = Navigation;
			productReference = C9CD266229E319E800AF811D /* Navigation.app */;
			productType = "com.apple.product-type.application";
		};
		C9FA71C32B10A7BF007B801D /* NavigationTests */ = {
			isa = PBXNativeTarget;
			buildConfigurationList = C9FA71CA2B10A7BF007B801D /* Build configuration list for PBXNativeTarget "NavigationTests" */;
			buildPhases = (
				C9FA71C02B10A7BF007B801D /* Sources */,
				C9FA71C12B10A7BF007B801D /* Frameworks */,
				C9FA71C22B10A7BF007B801D /* Resources */,
			);
			buildRules = (
			);
			dependencies = (
				C9FA71C92B10A7BF007B801D /* PBXTargetDependency */,
			);
			name = NavigationTests;
			productName = NavigationTests;
			productReference = C9FA71C42B10A7BF007B801D /* NavigationTests.xctest */;
			productType = "com.apple.product-type.bundle.unit-test";
		};
/* End PBXNativeTarget section */

/* Begin PBXProject section */
		C9CD265A29E319E800AF811D /* Project object */ = {
			isa = PBXProject;
			attributes = {
				BuildIndependentTargetsInParallel = 1;
				LastSwiftUpdateCheck = 1500;
				LastUpgradeCheck = 1430;
				TargetAttributes = {
					C9CBF7932A26633000E54C41 = {
						CreatedOnToolsVersion = 14.0.1;
					};
					C9CBF79C2A26633000E54C41 = {
						CreatedOnToolsVersion = 14.0.1;
						TestTargetID = C9CD266129E319E800AF811D;
					};
					C9CD266129E319E800AF811D = {
						CreatedOnToolsVersion = 14.0.1;
					};
					C9FA71C32B10A7BF007B801D = {
						CreatedOnToolsVersion = 15.0.1;
						TestTargetID = C9CD266129E319E800AF811D;
					};
				};
			};
			buildConfigurationList = C9CD265D29E319E800AF811D /* Build configuration list for PBXProject "Navigation" */;
			compatibilityVersion = "Xcode 14.0";
			developmentRegion = en;
			hasScannedForEncodings = 0;
			knownRegions = (
				en,
				Base,
				ru,
			);
			mainGroup = C9CD265929E319E800AF811D;
			packageReferences = (
				C97506CF2A4860AF00A37A48 /* XCRemoteSwiftPackageReference "iOSIntPackage" */,
			);
			productRefGroup = C9CD266329E319E800AF811D /* Products */;
			projectDirPath = "";
			projectRoot = "";
			targets = (
				C9CD266129E319E800AF811D /* Navigation */,
				C9CBF7932A26633000E54C41 /* StorageService */,
				C9CBF79C2A26633000E54C41 /* StorageServiceTests */,
				C9FA71C32B10A7BF007B801D /* NavigationTests */,
			);
		};
/* End PBXProject section */

/* Begin PBXResourcesBuildPhase section */
		C9CBF7922A26633000E54C41 /* Resources */ = {
			isa = PBXResourcesBuildPhase;
			buildActionMask = 2147483647;
			files = (
			);
			runOnlyForDeploymentPostprocessing = 0;
		};
		C9CBF79B2A26633000E54C41 /* Resources */ = {
			isa = PBXResourcesBuildPhase;
			buildActionMask = 2147483647;
			files = (
			);
			runOnlyForDeploymentPostprocessing = 0;
		};
		C9CD266029E319E800AF811D /* Resources */ = {
			isa = PBXResourcesBuildPhase;
			buildActionMask = 2147483647;
			files = (
				C9CD267229E319EA00AF811D /* LaunchScreen.storyboard in Resources */,
				C9FA71BA2B050A24007B801D /* Localizable.strings in Resources */,
				C9CD266F29E319EA00AF811D /* Assets.xcassets in Resources */,
				C925D91A2ABC7D4700CBCFC6 /* GoogleService-Info.plist in Resources */,
			);
			runOnlyForDeploymentPostprocessing = 0;
		};
		C9FA71C22B10A7BF007B801D /* Resources */ = {
			isa = PBXResourcesBuildPhase;
			buildActionMask = 2147483647;
			files = (
			);
			runOnlyForDeploymentPostprocessing = 0;
		};
/* End PBXResourcesBuildPhase section */

/* Begin PBXShellScriptBuildPhase section */
		549376D76A2292B4977D19BC /* [CP] Check Pods Manifest.lock */ = {
			isa = PBXShellScriptBuildPhase;
			buildActionMask = 2147483647;
			files = (
			);
			inputFileListPaths = (
			);
			inputPaths = (
				"${PODS_PODFILE_DIR_PATH}/Podfile.lock",
				"${PODS_ROOT}/Manifest.lock",
			);
			name = "[CP] Check Pods Manifest.lock";
			outputFileListPaths = (
			);
			outputPaths = (
				"$(DERIVED_FILE_DIR)/Pods-Navigation-checkManifestLockResult.txt",
			);
			runOnlyForDeploymentPostprocessing = 0;
			shellPath = /bin/sh;
			shellScript = "diff \"${PODS_PODFILE_DIR_PATH}/Podfile.lock\" \"${PODS_ROOT}/Manifest.lock\" > /dev/null\nif [ $? != 0 ] ; then\n    # print error to STDERR\n    echo \"error: The sandbox is not in sync with the Podfile.lock. Run 'pod install' or update your CocoaPods installation.\" >&2\n    exit 1\nfi\n# This output is used by Xcode 'outputs' to avoid re-running this script phase.\necho \"SUCCESS\" > \"${SCRIPT_OUTPUT_FILE_0}\"\n";
			showEnvVarsInLog = 0;
		};
		635E2A431AE1A4881273862A /* [CP] Check Pods Manifest.lock */ = {
			isa = PBXShellScriptBuildPhase;
			buildActionMask = 2147483647;
			files = (
			);
			inputFileListPaths = (
			);
			inputPaths = (
				"${PODS_PODFILE_DIR_PATH}/Podfile.lock",
				"${PODS_ROOT}/Manifest.lock",
			);
			name = "[CP] Check Pods Manifest.lock";
			outputFileListPaths = (
			);
			outputPaths = (
				"$(DERIVED_FILE_DIR)/Pods-StorageService-StorageServiceTests-checkManifestLockResult.txt",
			);
			runOnlyForDeploymentPostprocessing = 0;
			shellPath = /bin/sh;
			shellScript = "diff \"${PODS_PODFILE_DIR_PATH}/Podfile.lock\" \"${PODS_ROOT}/Manifest.lock\" > /dev/null\nif [ $? != 0 ] ; then\n    # print error to STDERR\n    echo \"error: The sandbox is not in sync with the Podfile.lock. Run 'pod install' or update your CocoaPods installation.\" >&2\n    exit 1\nfi\n# This output is used by Xcode 'outputs' to avoid re-running this script phase.\necho \"SUCCESS\" > \"${SCRIPT_OUTPUT_FILE_0}\"\n";
			showEnvVarsInLog = 0;
		};
		90B6808D69548DD880D4172F /* [CP] Check Pods Manifest.lock */ = {
			isa = PBXShellScriptBuildPhase;
			buildActionMask = 2147483647;
			files = (
			);
			inputFileListPaths = (
			);
			inputPaths = (
				"${PODS_PODFILE_DIR_PATH}/Podfile.lock",
				"${PODS_ROOT}/Manifest.lock",
			);
			name = "[CP] Check Pods Manifest.lock";
			outputFileListPaths = (
			);
			outputPaths = (
				"$(DERIVED_FILE_DIR)/Pods-StorageService-checkManifestLockResult.txt",
			);
			runOnlyForDeploymentPostprocessing = 0;
			shellPath = /bin/sh;
			shellScript = "diff \"${PODS_PODFILE_DIR_PATH}/Podfile.lock\" \"${PODS_ROOT}/Manifest.lock\" > /dev/null\nif [ $? != 0 ] ; then\n    # print error to STDERR\n    echo \"error: The sandbox is not in sync with the Podfile.lock. Run 'pod install' or update your CocoaPods installation.\" >&2\n    exit 1\nfi\n# This output is used by Xcode 'outputs' to avoid re-running this script phase.\necho \"SUCCESS\" > \"${SCRIPT_OUTPUT_FILE_0}\"\n";
			showEnvVarsInLog = 0;
		};
		93411841129C655F09B94172 /* [CP] Embed Pods Frameworks */ = {
			isa = PBXShellScriptBuildPhase;
			buildActionMask = 2147483647;
			files = (
			);
			inputFileListPaths = (
				"${PODS_ROOT}/Target Support Files/Pods-Navigation/Pods-Navigation-frameworks-${CONFIGURATION}-input-files.xcfilelist",
			);
			name = "[CP] Embed Pods Frameworks";
			outputFileListPaths = (
				"${PODS_ROOT}/Target Support Files/Pods-Navigation/Pods-Navigation-frameworks-${CONFIGURATION}-output-files.xcfilelist",
			);
			runOnlyForDeploymentPostprocessing = 0;
			shellPath = /bin/sh;
			shellScript = "\"${PODS_ROOT}/Target Support Files/Pods-Navigation/Pods-Navigation-frameworks.sh\"\n";
			showEnvVarsInLog = 0;
		};
/* End PBXShellScriptBuildPhase section */

/* Begin PBXSourcesBuildPhase section */
		C9CBF7902A26633000E54C41 /* Sources */ = {
			isa = PBXSourcesBuildPhase;
			buildActionMask = 2147483647;
			files = (
				C9CBF7982A26633000E54C41 /* StorageService.docc in Sources */,
				C9CBF7B22A26635300E54C41 /* Post.swift in Sources */,
			);
			runOnlyForDeploymentPostprocessing = 0;
		};
		C9CBF7992A26633000E54C41 /* Sources */ = {
			isa = PBXSourcesBuildPhase;
			buildActionMask = 2147483647;
			files = (
				C9CBF7A52A26633000E54C41 /* StorageServiceTests.swift in Sources */,
			);
			runOnlyForDeploymentPostprocessing = 0;
		};
		C9CD265E29E319E800AF811D /* Sources */ = {
			isa = PBXSourcesBuildPhase;
			buildActionMask = 2147483647;
			files = (
				C9FA71D22B166E6C007B801D /* LocalNotificationsService.swift in Sources */,
				C9417EF62A1805F8007D2343 /* Photo.swift in Sources */,
				C905B4592A7A93FE00A9D005 /* MainCoordinator.swift in Sources */,
				C905B46B2A94BFD100A9D005 /* AppError.swift in Sources */,
				C905B4722AA7863600A9D005 /* TodoModel.swift in Sources */,
				C905B45C2A7A949D00A9D005 /* MainTabBarController.swift in Sources */,
				C97506CE2A3C93E700A37A48 /* Checker.swift in Sources */,
				C910D2402AEAE197003F0294 /* LikedPostsViewController.swift in Sources */,
				C9417EF82A195690007D2343 /* PhotosViewController.swift in Sources */,
				C9417EF42A17E67C007D2343 /* PhotosTableViewCell.swift in Sources */,
				C910D2442AEAE34A003F0294 /* LikedModel.swift in Sources */,
				C9CD268029E329F500AF811D /* PostViewController.swift in Sources */,
				C9CD26C12A0D4E5200AF811D /* ProfileTableHeaderView.swift in Sources */,
				C910D24C2AEE796A003F0294 /* CoreDataService.swift in Sources */,
				C905B4562A72BF5F00A9D005 /* FeedViewModel.swift in Sources */,
				C905B4702AA4BABE00A9D005 /* AppConfiguration.swift in Sources */,
				C9CD266A29E319E800AF811D /* ViewController.swift in Sources */,
				C9C495CA2AFD43550090EFE8 /* GeolocationViewController.swift in Sources */,
				C9CD26AB29ED9B8400AF811D /* ProfileViewController.swift in Sources */,
				C9CD266629E319E800AF811D /* AppDelegate.swift in Sources */,
				C905B4672A7AA61200A9D005 /* ProfileFlowCoordinator.swift in Sources */,
				C9CD268229E3324A00AF811D /* PostFile.swift in Sources */,
				C9CD26A929ED9B3900AF811D /* ProfileHeaderView.swift in Sources */,
				C910D24A2AEAE423003F0294 /* LikedModelData.xcdatamodeld in Sources */,
				C905B4522A67C14F00A9D005 /* CustomButton.swift in Sources */,
				C9FA71BF2B08C61F007B801D /* Themes.swift in Sources */,
				C935FCD02ABED3F4003F04B1 /* CheckServise.swift in Sources */,
				C9417EFA2A1956D7007D2343 /* PhotosCollectionViewCell.swift in Sources */,
				C9FA71B72B0508F5007B801D /* ExtensionString.swift in Sources */,
				C9CD267C29E3284900AF811D /* FeedViewController.swift in Sources */,
				C905B4692A83D68300A9D005 /* Brut.swift in Sources */,
				C9CD268429E337CB00AF811D /* InfoViewController.swift in Sources */,
				C905B4602A7A956000A9D005 /* Factory.swift in Sources */,
				C9CD26B52A0A8EF800AF811D /* LogInViewController.swift in Sources */,
				C905B4742AA9A86E00A9D005 /* PlanetModel.swift in Sources */,
				C9CD26BF2A0AC09D00AF811D /* PostModelViewController.swift in Sources */,
				C9417EFC2A195BDA007D2343 /* Reusable.swift in Sources */,
				C910D2422AEAE307003F0294 /* LikedpostViewCell.swift in Sources */,
				C9CD266829E319E800AF811D /* SceneDelegate.swift in Sources */,
				C905B4652A7A999100A9D005 /* FeedFlowCoordinator.swift in Sources */,
				C9CD26BB2A0ABAD400AF811D /* PostTableViewCell.swift in Sources */,
				C905B46E2AA4BA4C00A9D005 /* NetworkService.swift in Sources */,
				C97506CC2A31D56000A37A48 /* User.swift in Sources */,
				C905B4542A67E22900A9D005 /* FeedModel.swift in Sources */,
			);
			runOnlyForDeploymentPostprocessing = 0;
		};
		C9FA71C02B10A7BF007B801D /* Sources */ = {
			isa = PBXSourcesBuildPhase;
			buildActionMask = 2147483647;
			files = (
				C9FA71CE2B10A896007B801D /* FeedViewModelTests.swift in Sources */,
				C9FA71D02B10AA47007B801D /* FeedModelMock.swift in Sources */,
				C9FA71C72B10A7BF007B801D /* NavigationTests.swift in Sources */,
			);
			runOnlyForDeploymentPostprocessing = 0;
		};
/* End PBXSourcesBuildPhase section */

/* Begin PBXTargetDependency section */
		C9CBF7A02A26633000E54C41 /* PBXTargetDependency */ = {
			isa = PBXTargetDependency;
			target = C9CBF7932A26633000E54C41 /* StorageService */;
			targetProxy = C9CBF79F2A26633000E54C41 /* PBXContainerItemProxy */;
		};
		C9CBF7A22A26633000E54C41 /* PBXTargetDependency */ = {
			isa = PBXTargetDependency;
			target = C9CD266129E319E800AF811D /* Navigation */;
			targetProxy = C9CBF7A12A26633000E54C41 /* PBXContainerItemProxy */;
		};
		C9CBF7A82A26633000E54C41 /* PBXTargetDependency */ = {
			isa = PBXTargetDependency;
			target = C9CBF7932A26633000E54C41 /* StorageService */;
			targetProxy = C9CBF7A72A26633000E54C41 /* PBXContainerItemProxy */;
		};
		C9FA71C92B10A7BF007B801D /* PBXTargetDependency */ = {
			isa = PBXTargetDependency;
			target = C9CD266129E319E800AF811D /* Navigation */;
			targetProxy = C9FA71C82B10A7BF007B801D /* PBXContainerItemProxy */;
		};
/* End PBXTargetDependency section */

/* Begin PBXVariantGroup section */
		C9CD267029E319EA00AF811D /* LaunchScreen.storyboard */ = {
			isa = PBXVariantGroup;
			children = (
				C9CD267129E319EA00AF811D /* Base */,
			);
			name = LaunchScreen.storyboard;
			sourceTree = "<group>";
		};
		C9FA71BC2B050A24007B801D /* Localizable.strings */ = {
			isa = PBXVariantGroup;
			children = (
				C9FA71BB2B050A24007B801D /* en */,
				C9FA71BD2B050A3D007B801D /* ru */,
			);
			name = Localizable.strings;
			sourceTree = "<group>";
		};
/* End PBXVariantGroup section */

/* Begin XCBuildConfiguration section */
		C9CBF7AC2A26633000E54C41 /* Debug */ = {
			isa = XCBuildConfiguration;
			baseConfigurationReference = 09A267B4F9B4D63A9AEA3D85 /* Pods-StorageService.debug.xcconfig */;
			buildSettings = {
				CODE_SIGN_IDENTITY = "";
				CODE_SIGN_STYLE = Automatic;
				CURRENT_PROJECT_VERSION = 1;
				DEFINES_MODULE = YES;
				DYLIB_COMPATIBILITY_VERSION = 1;
				DYLIB_CURRENT_VERSION = 1;
				DYLIB_INSTALL_NAME_BASE = "@rpath";
				ENABLE_MODULE_VERIFIER = YES;
				GENERATE_INFOPLIST_FILE = YES;
				INFOPLIST_KEY_NSHumanReadableCopyright = "";
				INSTALL_PATH = "$(LOCAL_LIBRARY_DIR)/Frameworks";
				LD_RUNPATH_SEARCH_PATHS = (
					"$(inherited)",
					"@executable_path/Frameworks",
					"@loader_path/Frameworks",
				);
				MARKETING_VERSION = 1.0;
				MODULE_VERIFIER_SUPPORTED_LANGUAGES = "objective-c objective-c++";
				MODULE_VERIFIER_SUPPORTED_LANGUAGE_STANDARDS = "gnu11 gnu++20";
				PRODUCT_BUNDLE_IDENTIFIER = DmitrySkorodumov.StorageService;
				PRODUCT_NAME = "$(TARGET_NAME:c99extidentifier)";
				SKIP_INSTALL = YES;
				SWIFT_EMIT_LOC_STRINGS = YES;
				SWIFT_VERSION = 5.0;
				TARGETED_DEVICE_FAMILY = "1,2";
				VERSIONING_SYSTEM = "apple-generic";
				VERSION_INFO_PREFIX = "";
			};
			name = Debug;
		};
		C9CBF7AD2A26633000E54C41 /* Release */ = {
			isa = XCBuildConfiguration;
			baseConfigurationReference = 8EB3AE5051441D48CF3A7736 /* Pods-StorageService.release.xcconfig */;
			buildSettings = {
				CODE_SIGN_IDENTITY = "";
				CODE_SIGN_STYLE = Automatic;
				CURRENT_PROJECT_VERSION = 1;
				DEFINES_MODULE = YES;
				DYLIB_COMPATIBILITY_VERSION = 1;
				DYLIB_CURRENT_VERSION = 1;
				DYLIB_INSTALL_NAME_BASE = "@rpath";
				ENABLE_MODULE_VERIFIER = YES;
				GENERATE_INFOPLIST_FILE = YES;
				INFOPLIST_KEY_NSHumanReadableCopyright = "";
				INSTALL_PATH = "$(LOCAL_LIBRARY_DIR)/Frameworks";
				LD_RUNPATH_SEARCH_PATHS = (
					"$(inherited)",
					"@executable_path/Frameworks",
					"@loader_path/Frameworks",
				);
				MARKETING_VERSION = 1.0;
				MODULE_VERIFIER_SUPPORTED_LANGUAGES = "objective-c objective-c++";
				MODULE_VERIFIER_SUPPORTED_LANGUAGE_STANDARDS = "gnu11 gnu++20";
				PRODUCT_BUNDLE_IDENTIFIER = DmitrySkorodumov.StorageService;
				PRODUCT_NAME = "$(TARGET_NAME:c99extidentifier)";
				SKIP_INSTALL = YES;
				SWIFT_EMIT_LOC_STRINGS = YES;
				SWIFT_VERSION = 5.0;
				TARGETED_DEVICE_FAMILY = "1,2";
				VERSIONING_SYSTEM = "apple-generic";
				VERSION_INFO_PREFIX = "";
			};
			name = Release;
		};
		C9CBF7AE2A26633000E54C41 /* Debug */ = {
			isa = XCBuildConfiguration;
			baseConfigurationReference = 5EF79FCA5D6546582DC28CBE /* Pods-StorageService-StorageServiceTests.debug.xcconfig */;
			buildSettings = {
				ALWAYS_EMBED_SWIFT_STANDARD_LIBRARIES = YES;
				CODE_SIGN_STYLE = Automatic;
				CURRENT_PROJECT_VERSION = 1;
				GENERATE_INFOPLIST_FILE = YES;
				MARKETING_VERSION = 1.0;
				PRODUCT_BUNDLE_IDENTIFIER = DmitrySkorodumov.StorageServiceTests;
				PRODUCT_NAME = "$(TARGET_NAME)";
				SWIFT_EMIT_LOC_STRINGS = NO;
				SWIFT_VERSION = 5.0;
				TARGETED_DEVICE_FAMILY = "1,2";
				TEST_HOST = "$(BUILT_PRODUCTS_DIR)/Navigation.app/$(BUNDLE_EXECUTABLE_FOLDER_PATH)/Navigation";
			};
			name = Debug;
		};
		C9CBF7AF2A26633000E54C41 /* Release */ = {
			isa = XCBuildConfiguration;
			baseConfigurationReference = D52865C65FA149764346124A /* Pods-StorageService-StorageServiceTests.release.xcconfig */;
			buildSettings = {
				ALWAYS_EMBED_SWIFT_STANDARD_LIBRARIES = YES;
				CODE_SIGN_STYLE = Automatic;
				CURRENT_PROJECT_VERSION = 1;
				GENERATE_INFOPLIST_FILE = YES;
				MARKETING_VERSION = 1.0;
				PRODUCT_BUNDLE_IDENTIFIER = DmitrySkorodumov.StorageServiceTests;
				PRODUCT_NAME = "$(TARGET_NAME)";
				SWIFT_EMIT_LOC_STRINGS = NO;
				SWIFT_VERSION = 5.0;
				TARGETED_DEVICE_FAMILY = "1,2";
				TEST_HOST = "$(BUILT_PRODUCTS_DIR)/Navigation.app/$(BUNDLE_EXECUTABLE_FOLDER_PATH)/Navigation";
			};
			name = Release;
		};
		C9CD267429E319EA00AF811D /* Debug */ = {
			isa = XCBuildConfiguration;
			buildSettings = {
				ALWAYS_SEARCH_USER_PATHS = NO;
				CLANG_ANALYZER_LOCALIZABILITY_NONLOCALIZED = YES;
				CLANG_ANALYZER_NONNULL = YES;
				CLANG_ANALYZER_NUMBER_OBJECT_CONVERSION = YES_AGGRESSIVE;
				CLANG_CXX_LANGUAGE_STANDARD = "gnu++20";
				CLANG_ENABLE_MODULES = YES;
				CLANG_ENABLE_OBJC_ARC = YES;
				CLANG_ENABLE_OBJC_WEAK = YES;
				CLANG_WARN_BLOCK_CAPTURE_AUTORELEASING = YES;
				CLANG_WARN_BOOL_CONVERSION = YES;
				CLANG_WARN_COMMA = YES;
				CLANG_WARN_CONSTANT_CONVERSION = YES;
				CLANG_WARN_DEPRECATED_OBJC_IMPLEMENTATIONS = YES;
				CLANG_WARN_DIRECT_OBJC_ISA_USAGE = YES_ERROR;
				CLANG_WARN_DOCUMENTATION_COMMENTS = YES;
				CLANG_WARN_EMPTY_BODY = YES;
				CLANG_WARN_ENUM_CONVERSION = YES;
				CLANG_WARN_INFINITE_RECURSION = YES;
				CLANG_WARN_INT_CONVERSION = YES;
				CLANG_WARN_NON_LITERAL_NULL_CONVERSION = YES;
				CLANG_WARN_OBJC_IMPLICIT_RETAIN_SELF = YES;
				CLANG_WARN_OBJC_LITERAL_CONVERSION = YES;
				CLANG_WARN_OBJC_ROOT_CLASS = YES_ERROR;
				CLANG_WARN_QUOTED_INCLUDE_IN_FRAMEWORK_HEADER = YES;
				CLANG_WARN_RANGE_LOOP_ANALYSIS = YES;
				CLANG_WARN_STRICT_PROTOTYPES = YES;
				CLANG_WARN_SUSPICIOUS_MOVE = YES;
				CLANG_WARN_UNGUARDED_AVAILABILITY = YES_AGGRESSIVE;
				CLANG_WARN_UNREACHABLE_CODE = YES;
				CLANG_WARN__DUPLICATE_METHOD_MATCH = YES;
				COPY_PHASE_STRIP = NO;
				DEBUG_INFORMATION_FORMAT = dwarf;
				ENABLE_STRICT_OBJC_MSGSEND = YES;
				ENABLE_TESTABILITY = YES;
				GCC_C_LANGUAGE_STANDARD = gnu11;
				GCC_DYNAMIC_NO_PIC = NO;
				GCC_NO_COMMON_BLOCKS = YES;
				GCC_OPTIMIZATION_LEVEL = 0;
				GCC_PREPROCESSOR_DEFINITIONS = (
					"DEBUG=1",
					"$(inherited)",
				);
				GCC_WARN_64_TO_32_BIT_CONVERSION = YES;
				GCC_WARN_ABOUT_RETURN_TYPE = YES_ERROR;
				GCC_WARN_UNDECLARED_SELECTOR = YES;
				GCC_WARN_UNINITIALIZED_AUTOS = YES_AGGRESSIVE;
				GCC_WARN_UNUSED_FUNCTION = YES;
				GCC_WARN_UNUSED_VARIABLE = YES;
				IPHONEOS_DEPLOYMENT_TARGET = 17.0;
				MTL_ENABLE_DEBUG_INFO = INCLUDE_SOURCE;
				MTL_FAST_MATH = YES;
				ONLY_ACTIVE_ARCH = YES;
				SDKROOT = iphoneos;
				SWIFT_ACTIVE_COMPILATION_CONDITIONS = DEBUG;
				SWIFT_OPTIMIZATION_LEVEL = "-Onone";
			};
			name = Debug;
		};
		C9CD267529E319EA00AF811D /* Release */ = {
			isa = XCBuildConfiguration;
			buildSettings = {
				ALWAYS_SEARCH_USER_PATHS = NO;
				CLANG_ANALYZER_LOCALIZABILITY_NONLOCALIZED = YES;
				CLANG_ANALYZER_NONNULL = YES;
				CLANG_ANALYZER_NUMBER_OBJECT_CONVERSION = YES_AGGRESSIVE;
				CLANG_CXX_LANGUAGE_STANDARD = "gnu++20";
				CLANG_ENABLE_MODULES = YES;
				CLANG_ENABLE_OBJC_ARC = YES;
				CLANG_ENABLE_OBJC_WEAK = YES;
				CLANG_WARN_BLOCK_CAPTURE_AUTORELEASING = YES;
				CLANG_WARN_BOOL_CONVERSION = YES;
				CLANG_WARN_COMMA = YES;
				CLANG_WARN_CONSTANT_CONVERSION = YES;
				CLANG_WARN_DEPRECATED_OBJC_IMPLEMENTATIONS = YES;
				CLANG_WARN_DIRECT_OBJC_ISA_USAGE = YES_ERROR;
				CLANG_WARN_DOCUMENTATION_COMMENTS = YES;
				CLANG_WARN_EMPTY_BODY = YES;
				CLANG_WARN_ENUM_CONVERSION = YES;
				CLANG_WARN_INFINITE_RECURSION = YES;
				CLANG_WARN_INT_CONVERSION = YES;
				CLANG_WARN_NON_LITERAL_NULL_CONVERSION = YES;
				CLANG_WARN_OBJC_IMPLICIT_RETAIN_SELF = YES;
				CLANG_WARN_OBJC_LITERAL_CONVERSION = YES;
				CLANG_WARN_OBJC_ROOT_CLASS = YES_ERROR;
				CLANG_WARN_QUOTED_INCLUDE_IN_FRAMEWORK_HEADER = YES;
				CLANG_WARN_RANGE_LOOP_ANALYSIS = YES;
				CLANG_WARN_STRICT_PROTOTYPES = YES;
				CLANG_WARN_SUSPICIOUS_MOVE = YES;
				CLANG_WARN_UNGUARDED_AVAILABILITY = YES_AGGRESSIVE;
				CLANG_WARN_UNREACHABLE_CODE = YES;
				CLANG_WARN__DUPLICATE_METHOD_MATCH = YES;
				COPY_PHASE_STRIP = NO;
				DEBUG_INFORMATION_FORMAT = "dwarf-with-dsym";
				ENABLE_NS_ASSERTIONS = NO;
				ENABLE_STRICT_OBJC_MSGSEND = YES;
				GCC_C_LANGUAGE_STANDARD = gnu11;
				GCC_NO_COMMON_BLOCKS = YES;
				GCC_WARN_64_TO_32_BIT_CONVERSION = YES;
				GCC_WARN_ABOUT_RETURN_TYPE = YES_ERROR;
				GCC_WARN_UNDECLARED_SELECTOR = YES;
				GCC_WARN_UNINITIALIZED_AUTOS = YES_AGGRESSIVE;
				GCC_WARN_UNUSED_FUNCTION = YES;
				GCC_WARN_UNUSED_VARIABLE = YES;
				IPHONEOS_DEPLOYMENT_TARGET = 17.0;
				MTL_ENABLE_DEBUG_INFO = NO;
				MTL_FAST_MATH = YES;
				SDKROOT = iphoneos;
				SWIFT_OPTIMIZATION_LEVEL = "-Onone";
				VALIDATE_PRODUCT = YES;
			};
			name = Release;
		};
		C9CD267729E319EA00AF811D /* Debug */ = {
			isa = XCBuildConfiguration;
			baseConfigurationReference = 5BDBDF9220ADABC005AB32D2 /* Pods-Navigation.debug.xcconfig */;
			buildSettings = {
				ALWAYS_EMBED_SWIFT_STANDARD_LIBRARIES = YES;
				ASSETCATALOG_COMPILER_APPICON_NAME = AppIcon;
				ASSETCATALOG_COMPILER_GLOBAL_ACCENT_COLOR_NAME = AccentColor;
				CODE_SIGN_STYLE = Automatic;
				CURRENT_PROJECT_VERSION = 1;
				GENERATE_INFOPLIST_FILE = YES;
				INFOPLIST_FILE = Navigation/Info.plist;
				INFOPLIST_KEY_NSLocationWhenInUseUsageDescription = "";
				INFOPLIST_KEY_UILaunchStoryboardName = LaunchScreen;
				INFOPLIST_KEY_UISupportedInterfaceOrientations_iPad = "UIInterfaceOrientationPortrait UIInterfaceOrientationPortraitUpsideDown UIInterfaceOrientationLandscapeLeft UIInterfaceOrientationLandscapeRight";
				INFOPLIST_KEY_UISupportedInterfaceOrientations_iPhone = "UIInterfaceOrientationPortrait UIInterfaceOrientationLandscapeLeft UIInterfaceOrientationLandscapeRight";
				LD_RUNPATH_SEARCH_PATHS = (
					"$(inherited)",
					"@executable_path/Frameworks",
				);
				MARKETING_VERSION = 1.0;
				PRODUCT_BUNDLE_IDENTIFIER = DmitrySkorodumov.Navigation;
				PRODUCT_NAME = "$(TARGET_NAME)";
				SUPPORTED_PLATFORMS = "iphoneos iphonesimulator";
				SUPPORTS_MACCATALYST = NO;
				SUPPORTS_MAC_DESIGNED_FOR_IPHONE_IPAD = NO;
				SWIFT_EMIT_LOC_STRINGS = YES;
				SWIFT_VERSION = 5.0;
				TARGETED_DEVICE_FAMILY = 1;
			};
			name = Debug;
		};
		C9CD267829E319EA00AF811D /* Release */ = {
			isa = XCBuildConfiguration;
			baseConfigurationReference = 066147480B6B270BAA23ECFF /* Pods-Navigation.release.xcconfig */;
			buildSettings = {
				ALWAYS_EMBED_SWIFT_STANDARD_LIBRARIES = YES;
				ASSETCATALOG_COMPILER_APPICON_NAME = AppIcon;
				ASSETCATALOG_COMPILER_GLOBAL_ACCENT_COLOR_NAME = AccentColor;
				CODE_SIGN_STYLE = Automatic;
				CURRENT_PROJECT_VERSION = 1;
				GENERATE_INFOPLIST_FILE = YES;
				INFOPLIST_FILE = Navigation/Info.plist;
				INFOPLIST_KEY_NSLocationWhenInUseUsageDescription = "";
				INFOPLIST_KEY_UILaunchStoryboardName = LaunchScreen;
				INFOPLIST_KEY_UISupportedInterfaceOrientations_iPad = "UIInterfaceOrientationPortrait UIInterfaceOrientationPortraitUpsideDown UIInterfaceOrientationLandscapeLeft UIInterfaceOrientationLandscapeRight";
				INFOPLIST_KEY_UISupportedInterfaceOrientations_iPhone = "UIInterfaceOrientationPortrait UIInterfaceOrientationLandscapeLeft UIInterfaceOrientationLandscapeRight";
				LD_RUNPATH_SEARCH_PATHS = (
					"$(inherited)",
					"@executable_path/Frameworks",
				);
				MARKETING_VERSION = 1.0;
				PRODUCT_BUNDLE_IDENTIFIER = DmitrySkorodumov.Navigation;
				PRODUCT_NAME = "$(TARGET_NAME)";
				SUPPORTED_PLATFORMS = "iphoneos iphonesimulator";
				SUPPORTS_MACCATALYST = NO;
				SUPPORTS_MAC_DESIGNED_FOR_IPHONE_IPAD = NO;
				SWIFT_EMIT_LOC_STRINGS = YES;
				SWIFT_VERSION = 5.0;
				TARGETED_DEVICE_FAMILY = 1;
			};
			name = Release;
		};
		C9FA71CB2B10A7BF007B801D /* Debug */ = {
			isa = XCBuildConfiguration;
			buildSettings = {
				ASSETCATALOG_COMPILER_GENERATE_SWIFT_ASSET_SYMBOL_EXTENSIONS = YES;
				BUNDLE_LOADER = "$(TEST_HOST)";
				CODE_SIGN_STYLE = Automatic;
				CURRENT_PROJECT_VERSION = 1;
				ENABLE_USER_SCRIPT_SANDBOXING = YES;
				GCC_C_LANGUAGE_STANDARD = gnu17;
				GENERATE_INFOPLIST_FILE = YES;
				LOCALIZATION_PREFERS_STRING_CATALOGS = YES;
				MARKETING_VERSION = 1.0;
				PRODUCT_BUNDLE_IDENTIFIER = DmitrySkorodumov.NavigationTests;
				PRODUCT_NAME = "$(TARGET_NAME)";
				SWIFT_ACTIVE_COMPILATION_CONDITIONS = "DEBUG $(inherited)";
				SWIFT_EMIT_LOC_STRINGS = NO;
				SWIFT_VERSION = 5.0;
				TARGETED_DEVICE_FAMILY = "1,2";
				TEST_HOST = "$(BUILT_PRODUCTS_DIR)/Navigation.app/$(BUNDLE_EXECUTABLE_FOLDER_PATH)/Navigation";
			};
			name = Debug;
		};
		C9FA71CC2B10A7BF007B801D /* Release */ = {
			isa = XCBuildConfiguration;
			buildSettings = {
				ASSETCATALOG_COMPILER_GENERATE_SWIFT_ASSET_SYMBOL_EXTENSIONS = YES;
				BUNDLE_LOADER = "$(TEST_HOST)";
				CODE_SIGN_STYLE = Automatic;
				CURRENT_PROJECT_VERSION = 1;
				ENABLE_USER_SCRIPT_SANDBOXING = YES;
				GCC_C_LANGUAGE_STANDARD = gnu17;
				GENERATE_INFOPLIST_FILE = YES;
				LOCALIZATION_PREFERS_STRING_CATALOGS = YES;
				MARKETING_VERSION = 1.0;
				PRODUCT_BUNDLE_IDENTIFIER = DmitrySkorodumov.NavigationTests;
				PRODUCT_NAME = "$(TARGET_NAME)";
				SWIFT_COMPILATION_MODE = wholemodule;
				SWIFT_EMIT_LOC_STRINGS = NO;
				SWIFT_VERSION = 5.0;
				TARGETED_DEVICE_FAMILY = "1,2";
				TEST_HOST = "$(BUILT_PRODUCTS_DIR)/Navigation.app/$(BUNDLE_EXECUTABLE_FOLDER_PATH)/Navigation";
			};
			name = Release;
		};
/* End XCBuildConfiguration section */

/* Begin XCConfigurationList section */
		C9CBF7B02A26633000E54C41 /* Build configuration list for PBXNativeTarget "StorageService" */ = {
			isa = XCConfigurationList;
			buildConfigurations = (
				C9CBF7AC2A26633000E54C41 /* Debug */,
				C9CBF7AD2A26633000E54C41 /* Release */,
			);
			defaultConfigurationIsVisible = 0;
			defaultConfigurationName = Release;
		};
		C9CBF7B12A26633000E54C41 /* Build configuration list for PBXNativeTarget "StorageServiceTests" */ = {
			isa = XCConfigurationList;
			buildConfigurations = (
				C9CBF7AE2A26633000E54C41 /* Debug */,
				C9CBF7AF2A26633000E54C41 /* Release */,
			);
			defaultConfigurationIsVisible = 0;
			defaultConfigurationName = Release;
		};
		C9CD265D29E319E800AF811D /* Build configuration list for PBXProject "Navigation" */ = {
			isa = XCConfigurationList;
			buildConfigurations = (
				C9CD267429E319EA00AF811D /* Debug */,
				C9CD267529E319EA00AF811D /* Release */,
			);
			defaultConfigurationIsVisible = 0;
			defaultConfigurationName = Release;
		};
		C9CD267629E319EA00AF811D /* Build configuration list for PBXNativeTarget "Navigation" */ = {
			isa = XCConfigurationList;
			buildConfigurations = (
				C9CD267729E319EA00AF811D /* Debug */,
				C9CD267829E319EA00AF811D /* Release */,
			);
			defaultConfigurationIsVisible = 0;
			defaultConfigurationName = Release;
		};
		C9FA71CA2B10A7BF007B801D /* Build configuration list for PBXNativeTarget "NavigationTests" */ = {
			isa = XCConfigurationList;
			buildConfigurations = (
				C9FA71CB2B10A7BF007B801D /* Debug */,
				C9FA71CC2B10A7BF007B801D /* Release */,
			);
			defaultConfigurationIsVisible = 0;
			defaultConfigurationName = Release;
		};
/* End XCConfigurationList section */

/* Begin XCRemoteSwiftPackageReference section */
		C97506CF2A4860AF00A37A48 /* XCRemoteSwiftPackageReference "iOSIntPackage" */ = {
			isa = XCRemoteSwiftPackageReference;
			repositoryURL = "https://github.com/TrueMax/iOSIntPackage";
			requirement = {
				branch = imagepublisher;
				kind = branch;
			};
		};
/* End XCRemoteSwiftPackageReference section */

/* Begin XCSwiftPackageProductDependency section */
		C97506D02A4860AF00A37A48 /* iOSIntPackage */ = {
			isa = XCSwiftPackageProductDependency;
			package = C97506CF2A4860AF00A37A48 /* XCRemoteSwiftPackageReference "iOSIntPackage" */;
			productName = iOSIntPackage;
		};
/* End XCSwiftPackageProductDependency section */

/* Begin XCVersionGroup section */
		C910D2482AEAE423003F0294 /* LikedModelData.xcdatamodeld */ = {
			isa = XCVersionGroup;
			children = (
				C910D2492AEAE423003F0294 /* NavigationModel.xcdatamodel */,
			);
			currentVersion = C910D2492AEAE423003F0294 /* NavigationModel.xcdatamodel */;
			path = LikedModelData.xcdatamodeld;
			sourceTree = "<group>";
			versionGroupType = wrapper.xcdatamodel;
		};
/* End XCVersionGroup section */
	};
	rootObject = C9CD265A29E319E800AF811D /* Project object */;
}
